
Microsoft Visual Studio Solution File, Format Version 12.00
# Visual Studio 15
Project("{2150E333-8FDC-42A3-9474-1A3956D46DE8}") = "CMakePredefinedTargets", "CMakePredefinedTargets", "{C2CA012A-C2B4-3500-8BBF-190DDE0A6D7A}"
EndProject
Project("{2150E333-8FDC-42A3-9474-1A3956D46DE8}") = "External", "External", "{A18A741E-593A-33B0-B91C-22F5493A10BB}"
EndProject
Project("{2150E333-8FDC-42A3-9474-1A3956D46DE8}") = "Internal", "Internal", "{4F6B99F1-A65B-3C33-A353-982E3C853DAA}"
EndProject
Project("{2150E333-8FDC-42A3-9474-1A3956D46DE8}") = "Utils", "Utils", "{23D4EC26-133A-3035-9768-0B6EE54935D4}"
EndProject
Project("{8BC9CEB8-8B4A-11D0-8D11-00A0C91BC942}") = "ALL_BUILD", "ALL_BUILD.vcxproj", "{804F7E8A-FDFE-3DBC-9D79-4C799716D10C}"
	ProjectSection(ProjectDependencies) = postProject
		{CE347B26-A0CD-377F-A409-B435782E84C1} = {CE347B26-A0CD-377F-A409-B435782E84C1}
		{A6054D5B-A2FC-3836-8B45-B43994419DD1} = {A6054D5B-A2FC-3836-8B45-B43994419DD1}
		{6F0AB100-70B6-316A-8276-AB44BA0FA843} = {6F0AB100-70B6-316A-8276-AB44BA0FA843}
		{B31DE67B-D961-3FF4-8EFA-2E58080C211D} = {B31DE67B-D961-3FF4-8EFA-2E58080C211D}
		{FD3C2297-92F7-33C3-B92C-00D8E1ED2BEA} = {FD3C2297-92F7-33C3-B92C-00D8E1ED2BEA}
		{F4197CE8-D6BF-3C4D-9C23-64F99CA1FFE4} = {F4197CE8-D6BF-3C4D-9C23-64F99CA1FFE4}
		{B87B05EF-2A14-3498-9DD9-A8C8D677E47D} = {B87B05EF-2A14-3498-9DD9-A8C8D677E47D}
		{2DC8FD4F-A9EC-3AD8-B906-8B6E53EEE2C6} = {2DC8FD4F-A9EC-3AD8-B906-8B6E53EEE2C6}
		{F5B4E506-45E8-3E38-8268-7637E61DFE93} = {F5B4E506-45E8-3E38-8268-7637E61DFE93}
		{EED55C56-838D-36D3-9B6A-7FAC13245FC9} = {EED55C56-838D-36D3-9B6A-7FAC13245FC9}
		{A1529D81-AD0A-3BCD-AED7-4161832D6355} = {A1529D81-AD0A-3BCD-AED7-4161832D6355}
		{BE1BC056-7EF5-3A38-BE15-B2F8287FB979} = {BE1BC056-7EF5-3A38-BE15-B2F8287FB979}
		{60B92987-97DA-36D8-93D8-BADE099AF2F2} = {60B92987-97DA-36D8-93D8-BADE099AF2F2}
		{EAD12BD8-7A6F-343D-8C1C-0318DE6B02F9} = {EAD12BD8-7A6F-343D-8C1C-0318DE6B02F9}
		{47AC7538-A569-3F21-BB90-69579C8A9EBD} = {47AC7538-A569-3F21-BB90-69579C8A9EBD}
	EndProjectSection
EndProject
Project("{8BC9CEB8-8B4A-11D0-8D11-00A0C91BC942}") = "Bida3DCpp", "Bida3DCpp.vcxproj", "{CE347B26-A0CD-377F-A409-B435782E84C1}"
	ProjectSection(ProjectDependencies) = postProject
		{A6054D5B-A2FC-3836-8B45-B43994419DD1} = {A6054D5B-A2FC-3836-8B45-B43994419DD1}
		{6F0AB100-70B6-316A-8276-AB44BA0FA843} = {6F0AB100-70B6-316A-8276-AB44BA0FA843}
		{B31DE67B-D961-3FF4-8EFA-2E58080C211D} = {B31DE67B-D961-3FF4-8EFA-2E58080C211D}
		{FD3C2297-92F7-33C3-B92C-00D8E1ED2BEA} = {FD3C2297-92F7-33C3-B92C-00D8E1ED2BEA}
		{F4197CE8-D6BF-3C4D-9C23-64F99CA1FFE4} = {F4197CE8-D6BF-3C4D-9C23-64F99CA1FFE4}
		{B87B05EF-2A14-3498-9DD9-A8C8D677E47D} = {B87B05EF-2A14-3498-9DD9-A8C8D677E47D}
		{2DC8FD4F-A9EC-3AD8-B906-8B6E53EEE2C6} = {2DC8FD4F-A9EC-3AD8-B906-8B6E53EEE2C6}
		{F5B4E506-45E8-3E38-8268-7637E61DFE93} = {F5B4E506-45E8-3E38-8268-7637E61DFE93}
		{EED55C56-838D-36D3-9B6A-7FAC13245FC9} = {EED55C56-838D-36D3-9B6A-7FAC13245FC9}
		{A1529D81-AD0A-3BCD-AED7-4161832D6355} = {A1529D81-AD0A-3BCD-AED7-4161832D6355}
		{BE1BC056-7EF5-3A38-BE15-B2F8287FB979} = {BE1BC056-7EF5-3A38-BE15-B2F8287FB979}
		{60B92987-97DA-36D8-93D8-BADE099AF2F2} = {60B92987-97DA-36D8-93D8-BADE099AF2F2}
		{EAD12BD8-7A6F-343D-8C1C-0318DE6B02F9} = {EAD12BD8-7A6F-343D-8C1C-0318DE6B02F9}
		{47AC7538-A569-3F21-BB90-69579C8A9EBD} = {47AC7538-A569-3F21-BB90-69579C8A9EBD}
	EndProjectSection
EndProject
Project("{8BC9CEB8-8B4A-11D0-8D11-00A0C91BC942}") = "SYNC_RESOURCE-Bida3DCpp", "SYNC_RESOURCE-Bida3DCpp.vcxproj", "{A6054D5B-A2FC-3836-8B45-B43994419DD1}"
	ProjectSection(ProjectDependencies) = postProject
		{6F0AB100-70B6-316A-8276-AB44BA0FA843} = {6F0AB100-70B6-316A-8276-AB44BA0FA843}
	EndProjectSection
EndProject
Project("{8BC9CEB8-8B4A-11D0-8D11-00A0C91BC942}") = "ZERO_CHECK", "ZERO_CHECK.vcxproj", "{6F0AB100-70B6-316A-8276-AB44BA0FA843}"
	ProjectSection(ProjectDependencies) = postProject
	EndProjectSection
EndProject
Project("{8BC9CEB8-8B4A-11D0-8D11-00A0C91BC942}") = "cocos2d", "engine\cocos\core\cocos2d.vcxproj", "{B31DE67B-D961-3FF4-8EFA-2E58080C211D}"
	ProjectSection(ProjectDependencies) = postProject
		{6F0AB100-70B6-316A-8276-AB44BA0FA843} = {6F0AB100-70B6-316A-8276-AB44BA0FA843}
		{FD3C2297-92F7-33C3-B92C-00D8E1ED2BEA} = {FD3C2297-92F7-33C3-B92C-00D8E1ED2BEA}
		{F4197CE8-D6BF-3C4D-9C23-64F99CA1FFE4} = {F4197CE8-D6BF-3C4D-9C23-64F99CA1FFE4}
		{B87B05EF-2A14-3498-9DD9-A8C8D677E47D} = {B87B05EF-2A14-3498-9DD9-A8C8D677E47D}
		{2DC8FD4F-A9EC-3AD8-B906-8B6E53EEE2C6} = {2DC8FD4F-A9EC-3AD8-B906-8B6E53EEE2C6}
		{F5B4E506-45E8-3E38-8268-7637E61DFE93} = {F5B4E506-45E8-3E38-8268-7637E61DFE93}
		{EED55C56-838D-36D3-9B6A-7FAC13245FC9} = {EED55C56-838D-36D3-9B6A-7FAC13245FC9}
		{A1529D81-AD0A-3BCD-AED7-4161832D6355} = {A1529D81-AD0A-3BCD-AED7-4161832D6355}
		{BE1BC056-7EF5-3A38-BE15-B2F8287FB979} = {BE1BC056-7EF5-3A38-BE15-B2F8287FB979}
		{60B92987-97DA-36D8-93D8-BADE099AF2F2} = {60B92987-97DA-36D8-93D8-BADE099AF2F2}
		{EAD12BD8-7A6F-343D-8C1C-0318DE6B02F9} = {EAD12BD8-7A6F-343D-8C1C-0318DE6B02F9}
		{47AC7538-A569-3F21-BB90-69579C8A9EBD} = {47AC7538-A569-3F21-BB90-69579C8A9EBD}
	EndProjectSection
EndProject
Project("{8BC9CEB8-8B4A-11D0-8D11-00A0C91BC942}") = "ext_clipper", "engine\external\clipper\ext_clipper.vcxproj", "{FD3C2297-92F7-33C3-B92C-00D8E1ED2BEA}"
	ProjectSection(ProjectDependencies) = postProject
		{6F0AB100-70B6-316A-8276-AB44BA0FA843} = {6F0AB100-70B6-316A-8276-AB44BA0FA843}
	EndProjectSection
EndProject
Project("{8BC9CEB8-8B4A-11D0-8D11-00A0C91BC942}") = "ext_convertUTF", "engine\external\ConvertUTF\ext_convertUTF.vcxproj", "{F4197CE8-D6BF-3C4D-9C23-64F99CA1FFE4}"
	ProjectSection(ProjectDependencies) = postProject
		{6F0AB100-70B6-316A-8276-AB44BA0FA843} = {6F0AB100-70B6-316A-8276-AB44BA0FA843}
	EndProjectSection
EndProject
Project("{8BC9CEB8-8B4A-11D0-8D11-00A0C91BC942}") = "ext_edtaa3func", "engine\external\edtaa3func\ext_edtaa3func.vcxproj", "{B87B05EF-2A14-3498-9DD9-A8C8D677E47D}"
	ProjectSection(ProjectDependencies) = postProject
		{6F0AB100-70B6-316A-8276-AB44BA0FA843} = {6F0AB100-70B6-316A-8276-AB44BA0FA843}
	EndProjectSection
EndProject
Project("{8BC9CEB8-8B4A-11D0-8D11-00A0C91BC942}") = "ext_md5", "engine\external\md5\ext_md5.vcxproj", "{2DC8FD4F-A9EC-3AD8-B906-8B6E53EEE2C6}"
	ProjectSection(ProjectDependencies) = postProject
		{6F0AB100-70B6-316A-8276-AB44BA0FA843} = {6F0AB100-70B6-316A-8276-AB44BA0FA843}
	EndProjectSection
EndProject
Project("{8BC9CEB8-8B4A-11D0-8D11-00A0C91BC942}") = "ext_poly2tri", "engine\external\poly2tri\ext_poly2tri.vcxproj", "{F5B4E506-45E8-3E38-8268-7637E61DFE93}"
	ProjectSection(ProjectDependencies) = postProject
		{6F0AB100-70B6-316A-8276-AB44BA0FA843} = {6F0AB100-70B6-316A-8276-AB44BA0FA843}
	EndProjectSection
EndProject
Project("{8BC9CEB8-8B4A-11D0-8D11-00A0C91BC942}") = "ext_recast", "engine\external\recast\ext_recast.vcxproj", "{EED55C56-838D-36D3-9B6A-7FAC13245FC9}"
	ProjectSection(ProjectDependencies) = postProject
		{6F0AB100-70B6-316A-8276-AB44BA0FA843} = {6F0AB100-70B6-316A-8276-AB44BA0FA843}
	EndProjectSection
EndProject
Project("{8BC9CEB8-8B4A-11D0-8D11-00A0C91BC942}") = "ext_tinyxml2", "engine\external\tinyxml2\ext_tinyxml2.vcxproj", "{A1529D81-AD0A-3BCD-AED7-4161832D6355}"
	ProjectSection(ProjectDependencies) = postProject
		{6F0AB100-70B6-316A-8276-AB44BA0FA843} = {6F0AB100-70B6-316A-8276-AB44BA0FA843}
	EndProjectSection
EndProject
Project("{8BC9CEB8-8B4A-11D0-8D11-00A0C91BC942}") = "ext_unzip", "engine\external\unzip\ext_unzip.vcxproj", "{BE1BC056-7EF5-3A38-BE15-B2F8287FB979}"
	ProjectSection(ProjectDependencies) = postProject
		{6F0AB100-70B6-316A-8276-AB44BA0FA843} = {6F0AB100-70B6-316A-8276-AB44BA0FA843}
	EndProjectSection
EndProject
Project("{8BC9CEB8-8B4A-11D0-8D11-00A0C91BC942}") = "ext_xxhash", "engine\external\xxhash\ext_xxhash.vcxproj", "{60B92987-97DA-36D8-93D8-BADE099AF2F2}"
	ProjectSection(ProjectDependencies) = postProject
		{6F0AB100-70B6-316A-8276-AB44BA0FA843} = {6F0AB100-70B6-316A-8276-AB44BA0FA843}
	EndProjectSection
EndProject
Project("{8BC9CEB8-8B4A-11D0-8D11-00A0C91BC942}") = "ext_xxtea", "engine\external\xxtea\ext_xxtea.vcxproj", "{EAD12BD8-7A6F-343D-8C1C-0318DE6B02F9}"
	ProjectSection(ProjectDependencies) = postProject
		{6F0AB100-70B6-316A-8276-AB44BA0FA843} = {6F0AB100-70B6-316A-8276-AB44BA0FA843}
	EndProjectSection
EndProject
Project("{8BC9CEB8-8B4A-11D0-8D11-00A0C91BC942}") = "external", "engine\external\external.vcxproj", "{47AC7538-A569-3F21-BB90-69579C8A9EBD}"
	ProjectSection(ProjectDependencies) = postProject
		{6F0AB100-70B6-316A-8276-AB44BA0FA843} = {6F0AB100-70B6-316A-8276-AB44BA0FA843}
		{FD3C2297-92F7-33C3-B92C-00D8E1ED2BEA} = {FD3C2297-92F7-33C3-B92C-00D8E1ED2BEA}
		{F4197CE8-D6BF-3C4D-9C23-64F99CA1FFE4} = {F4197CE8-D6BF-3C4D-9C23-64F99CA1FFE4}
		{B87B05EF-2A14-3498-9DD9-A8C8D677E47D} = {B87B05EF-2A14-3498-9DD9-A8C8D677E47D}
		{2DC8FD4F-A9EC-3AD8-B906-8B6E53EEE2C6} = {2DC8FD4F-A9EC-3AD8-B906-8B6E53EEE2C6}
		{F5B4E506-45E8-3E38-8268-7637E61DFE93} = {F5B4E506-45E8-3E38-8268-7637E61DFE93}
		{EED55C56-838D-36D3-9B6A-7FAC13245FC9} = {EED55C56-838D-36D3-9B6A-7FAC13245FC9}
		{A1529D81-AD0A-3BCD-AED7-4161832D6355} = {A1529D81-AD0A-3BCD-AED7-4161832D6355}
		{BE1BC056-7EF5-3A38-BE15-B2F8287FB979} = {BE1BC056-7EF5-3A38-BE15-B2F8287FB979}
		{60B92987-97DA-36D8-93D8-BADE099AF2F2} = {60B92987-97DA-36D8-93D8-BADE099AF2F2}
		{EAD12BD8-7A6F-343D-8C1C-0318DE6B02F9} = {EAD12BD8-7A6F-343D-8C1C-0318DE6B02F9}
	EndProjectSection
EndProject
Global
	GlobalSection(SolutionConfigurationPlatforms) = preSolution
		Debug|Win32 = Debug|Win32
		Release|Win32 = Release|Win32
		MinSizeRel|Win32 = MinSizeRel|Win32
		RelWithDebInfo|Win32 = RelWithDebInfo|Win32
	EndGlobalSection
	GlobalSection(ProjectConfigurationPlatforms) = postSolution
		{804F7E8A-FDFE-3DBC-9D79-4C799716D10C}.Debug|Win32.ActiveCfg = Debug|Win32
		{804F7E8A-FDFE-3DBC-9D79-4C799716D10C}.Release|Win32.ActiveCfg = Release|Win32
		{804F7E8A-FDFE-3DBC-9D79-4C799716D10C}.MinSizeRel|Win32.ActiveCfg = MinSizeRel|Win32
		{804F7E8A-FDFE-3DBC-9D79-4C799716D10C}.RelWithDebInfo|Win32.ActiveCfg = RelWithDebInfo|Win32
		{CE347B26-A0CD-377F-A409-B435782E84C1}.Debug|Win32.ActiveCfg = Debug|Win32
		{CE347B26-A0CD-377F-A409-B435782E84C1}.Debug|Win32.Build.0 = Debug|Win32
		{CE347B26-A0CD-377F-A409-B435782E84C1}.Release|Win32.ActiveCfg = Release|Win32
		{CE347B26-A0CD-377F-A409-B435782E84C1}.Release|Win32.Build.0 = Release|Win32
		{CE347B26-A0CD-377F-A409-B435782E84C1}.MinSizeRel|Win32.ActiveCfg = MinSizeRel|Win32
		{CE347B26-A0CD-377F-A409-B435782E84C1}.MinSizeRel|Win32.Build.0 = MinSizeRel|Win32
		{CE347B26-A0CD-377F-A409-B435782E84C1}.RelWithDebInfo|Win32.ActiveCfg = RelWithDebInfo|Win32
		{CE347B26-A0CD-377F-A409-B435782E84C1}.RelWithDebInfo|Win32.Build.0 = RelWithDebInfo|Win32
		{A6054D5B-A2FC-3836-8B45-B43994419DD1}.Debug|Win32.ActiveCfg = Debug|Win32
		{A6054D5B-A2FC-3836-8B45-B43994419DD1}.Debug|Win32.Build.0 = Debug|Win32
		{A6054D5B-A2FC-3836-8B45-B43994419DD1}.Release|Win32.ActiveCfg = Release|Win32
		{A6054D5B-A2FC-3836-8B45-B43994419DD1}.Release|Win32.Build.0 = Release|Win32
		{A6054D5B-A2FC-3836-8B45-B43994419DD1}.MinSizeRel|Win32.ActiveCfg = MinSizeRel|Win32
		{A6054D5B-A2FC-3836-8B45-B43994419DD1}.MinSizeRel|Win32.Build.0 = MinSizeRel|Win32
		{A6054D5B-A2FC-3836-8B45-B43994419DD1}.RelWithDebInfo|Win32.ActiveCfg = RelWithDebInfo|Win32
		{A6054D5B-A2FC-3836-8B45-B43994419DD1}.RelWithDebInfo|Win32.Build.0 = RelWithDebInfo|Win32
		{6F0AB100-70B6-316A-8276-AB44BA0FA843}.Debug|Win32.ActiveCfg = Debug|Win32
		{6F0AB100-70B6-316A-8276-AB44BA0FA843}.Debug|Win32.Build.0 = Debug|Win32
		{6F0AB100-70B6-316A-8276-AB44BA0FA843}.Release|Win32.ActiveCfg = Release|Win32
		{6F0AB100-70B6-316A-8276-AB44BA0FA843}.Release|Win32.Build.0 = Release|Win32
		{6F0AB100-70B6-316A-8276-AB44BA0FA843}.MinSizeRel|Win32.ActiveCfg = MinSizeRel|Win32
		{6F0AB100-70B6-316A-8276-AB44BA0FA843}.MinSizeRel|Win32.Build.0 = MinSizeRel|Win32
		{6F0AB100-70B6-316A-8276-AB44BA0FA843}.RelWithDebInfo|Win32.ActiveCfg = RelWithDebInfo|Win32
		{6F0AB100-70B6-316A-8276-AB44BA0FA843}.RelWithDebInfo|Win32.Build.0 = RelWithDebInfo|Win32
		{B31DE67B-D961-3FF4-8EFA-2E58080C211D}.Debug|Win32.ActiveCfg = Debug|Win32
		{B31DE67B-D961-3FF4-8EFA-2E58080C211D}.Debug|Win32.Build.0 = Debug|Win32
		{B31DE67B-D961-3FF4-8EFA-2E58080C211D}.Release|Win32.ActiveCfg = Release|Win32
		{B31DE67B-D961-3FF4-8EFA-2E58080C211D}.Release|Win32.Build.0 = Release|Win32
		{B31DE67B-D961-3FF4-8EFA-2E58080C211D}.MinSizeRel|Win32.ActiveCfg = MinSizeRel|Win32
		{B31DE67B-D961-3FF4-8EFA-2E58080C211D}.MinSizeRel|Win32.Build.0 = MinSizeRel|Win32
		{B31DE67B-D961-3FF4-8EFA-2E58080C211D}.RelWithDebInfo|Win32.ActiveCfg = RelWithDebInfo|Win32
		{B31DE67B-D961-3FF4-8EFA-2E58080C211D}.RelWithDebInfo|Win32.Build.0 = RelWithDebInfo|Win32
		{FD3C2297-92F7-33C3-B92C-00D8E1ED2BEA}.Debug|Win32.ActiveCfg = Debug|Win32
		{FD3C2297-92F7-33C3-B92C-00D8E1ED2BEA}.Debug|Win32.Build.0 = Debug|Win32
		{FD3C2297-92F7-33C3-B92C-00D8E1ED2BEA}.Release|Win32.ActiveCfg = Release|Win32
		{FD3C2297-92F7-33C3-B92C-00D8E1ED2BEA}.Release|Win32.Build.0 = Release|Win32
		{FD3C2297-92F7-33C3-B92C-00D8E1ED2BEA}.MinSizeRel|Win32.ActiveCfg = MinSizeRel|Win32
		{FD3C2297-92F7-33C3-B92C-00D8E1ED2BEA}.MinSizeRel|Win32.Build.0 = MinSizeRel|Win32
		{FD3C2297-92F7-33C3-B92C-00D8E1ED2BEA}.RelWithDebInfo|Win32.ActiveCfg = RelWithDebInfo|Win32
		{FD3C2297-92F7-33C3-B92C-00D8E1ED2BEA}.RelWithDebInfo|Win32.Build.0 = RelWithDebInfo|Win32
		{F4197CE8-D6BF-3C4D-9C23-64F99CA1FFE4}.Debug|Win32.ActiveCfg = Debug|Win32
		{F4197CE8-D6BF-3C4D-9C23-64F99CA1FFE4}.Debug|Win32.Build.0 = Debug|Win32
		{F4197CE8-D6BF-3C4D-9C23-64F99CA1FFE4}.Release|Win32.ActiveCfg = Release|Win32
		{F4197CE8-D6BF-3C4D-9C23-64F99CA1FFE4}.Release|Win32.Build.0 = Release|Win32
		{F4197CE8-D6BF-3C4D-9C23-64F99CA1FFE4}.MinSizeRel|Win32.ActiveCfg = MinSizeRel|Win32
		{F4197CE8-D6BF-3C4D-9C23-64F99CA1FFE4}.MinSizeRel|Win32.Build.0 = MinSizeRel|Win32
		{F4197CE8-D6BF-3C4D-9C23-64F99CA1FFE4}.RelWithDebInfo|Win32.ActiveCfg = RelWithDebInfo|Win32
		{F4197CE8-D6BF-3C4D-9C23-64F99CA1FFE4}.RelWithDebInfo|Win32.Build.0 = RelWithDebInfo|Win32
		{B87B05EF-2A14-3498-9DD9-A8C8D677E47D}.Debug|Win32.ActiveCfg = Debug|Win32
		{B87B05EF-2A14-3498-9DD9-A8C8D677E47D}.Debug|Win32.Build.0 = Debug|Win32
		{B87B05EF-2A14-3498-9DD9-A8C8D677E47D}.Release|Win32.ActiveCfg = Release|Win32
		{B87B05EF-2A14-3498-9DD9-A8C8D677E47D}.Release|Win32.Build.0 = Release|Win32
		{B87B05EF-2A14-3498-9DD9-A8C8D677E47D}.MinSizeRel|Win32.ActiveCfg = MinSizeRel|Win32
		{B87B05EF-2A14-3498-9DD9-A8C8D677E47D}.MinSizeRel|Win32.Build.0 = MinSizeRel|Win32
		{B87B05EF-2A14-3498-9DD9-A8C8D677E47D}.RelWithDebInfo|Win32.ActiveCfg = RelWithDebInfo|Win32
		{B87B05EF-2A14-3498-9DD9-A8C8D677E47D}.RelWithDebInfo|Win32.Build.0 = RelWithDebInfo|Win32
		{2DC8FD4F-A9EC-3AD8-B906-8B6E53EEE2C6}.Debug|Win32.ActiveCfg = Debug|Win32
		{2DC8FD4F-A9EC-3AD8-B906-8B6E53EEE2C6}.Debug|Win32.Build.0 = Debug|Win32
		{2DC8FD4F-A9EC-3AD8-B906-8B6E53EEE2C6}.Release|Win32.ActiveCfg = Release|Win32
		{2DC8FD4F-A9EC-3AD8-B906-8B6E53EEE2C6}.Release|Win32.Build.0 = Release|Win32
		{2DC8FD4F-A9EC-3AD8-B906-8B6E53EEE2C6}.MinSizeRel|Win32.ActiveCfg = MinSizeRel|Win32
		{2DC8FD4F-A9EC-3AD8-B906-8B6E53EEE2C6}.MinSizeRel|Win32.Build.0 = MinSizeRel|Win32
		{2DC8FD4F-A9EC-3AD8-B906-8B6E53EEE2C6}.RelWithDebInfo|Win32.ActiveCfg = RelWithDebInfo|Win32
		{2DC8FD4F-A9EC-3AD8-B906-8B6E53EEE2C6}.RelWithDebInfo|Win32.Build.0 = RelWithDebInfo|Win32
		{F5B4E506-45E8-3E38-8268-7637E61DFE93}.Debug|Win32.ActiveCfg = Debug|Win32
		{F5B4E506-45E8-3E38-8268-7637E61DFE93}.Debug|Win32.Build.0 = Debug|Win32
		{F5B4E506-45E8-3E38-8268-7637E61DFE93}.Release|Win32.ActiveCfg = Release|Win32
		{F5B4E506-45E8-3E38-8268-7637E61DFE93}.Release|Win32.Build.0 = Release|Win32
		{F5B4E506-45E8-3E38-8268-7637E61DFE93}.MinSizeRel|Win32.ActiveCfg = MinSizeRel|Win32
		{F5B4E506-45E8-3E38-8268-7637E61DFE93}.MinSizeRel|Win32.Build.0 = MinSizeRel|Win32
		{F5B4E506-45E8-3E38-8268-7637E61DFE93}.RelWithDebInfo|Win32.ActiveCfg = RelWithDebInfo|Win32
		{F5B4E506-45E8-3E38-8268-7637E61DFE93}.RelWithDebInfo|Win32.Build.0 = RelWithDebInfo|Win32
		{EED55C56-838D-36D3-9B6A-7FAC13245FC9}.Debug|Win32.ActiveCfg = Debug|Win32
		{EED55C56-838D-36D3-9B6A-7FAC13245FC9}.Debug|Win32.Build.0 = Debug|Win32
		{EED55C56-838D-36D3-9B6A-7FAC13245FC9}.Release|Win32.ActiveCfg = Release|Win32
		{EED55C56-838D-36D3-9B6A-7FAC13245FC9}.Release|Win32.Build.0 = Release|Win32
		{EED55C56-838D-36D3-9B6A-7FAC13245FC9}.MinSizeRel|Win32.ActiveCfg = MinSizeRel|Win32
		{EED55C56-838D-36D3-9B6A-7FAC13245FC9}.MinSizeRel|Win32.Build.0 = MinSizeRel|Win32
		{EED55C56-838D-36D3-9B6A-7FAC13245FC9}.RelWithDebInfo|Win32.ActiveCfg = RelWithDebInfo|Win32
		{EED55C56-838D-36D3-9B6A-7FAC13245FC9}.RelWithDebInfo|Win32.Build.0 = RelWithDebInfo|Win32
		{A1529D81-AD0A-3BCD-AED7-4161832D6355}.Debug|Win32.ActiveCfg = Debug|Win32
		{A1529D81-AD0A-3BCD-AED7-4161832D6355}.Debug|Win32.Build.0 = Debug|Win32
		{A1529D81-AD0A-3BCD-AED7-4161832D6355}.Release|Win32.ActiveCfg = Release|Win32
		{A1529D81-AD0A-3BCD-AED7-4161832D6355}.Release|Win32.Build.0 = Release|Win32
		{A1529D81-AD0A-3BCD-AED7-4161832D6355}.MinSizeRel|Win32.ActiveCfg = MinSizeRel|Win32
		{A1529D81-AD0A-3BCD-AED7-4161832D6355}.MinSizeRel|Win32.Build.0 = MinSizeRel|Win32
		{A1529D81-AD0A-3BCD-AED7-4161832D6355}.RelWithDebInfo|Win32.ActiveCfg = RelWithDebInfo|Win32
		{A1529D81-AD0A-3BCD-AED7-4161832D6355}.RelWithDebInfo|Win32.Build.0 = RelWithDebInfo|Win32
		{BE1BC056-7EF5-3A38-BE15-B2F8287FB979}.Debug|Win32.ActiveCfg = Debug|Win32
		{BE1BC056-7EF5-3A38-BE15-B2F8287FB979}.Debug|Win32.Build.0 = Debug|Win32
		{BE1BC056-7EF5-3A38-BE15-B2F8287FB979}.Release|Win32.ActiveCfg = Release|Win32
		{BE1BC056-7EF5-3A38-BE15-B2F8287FB979}.Release|Win32.Build.0 = Release|Win32
		{BE1BC056-7EF5-3A38-BE15-B2F8287FB979}.MinSizeRel|Win32.ActiveCfg = MinSizeRel|Win32
		{BE1BC056-7EF5-3A38-BE15-B2F8287FB979}.MinSizeRel|Win32.Build.0 = MinSizeRel|Win32
		{BE1BC056-7EF5-3A38-BE15-B2F8287FB979}.RelWithDebInfo|Win32.ActiveCfg = RelWithDebInfo|Win32
		{BE1BC056-7EF5-3A38-BE15-B2F8287FB979}.RelWithDebInfo|Win32.Build.0 = RelWithDebInfo|Win32
		{60B92987-97DA-36D8-93D8-BADE099AF2F2}.Debug|Win32.ActiveCfg = Debug|Win32
		{60B92987-97DA-36D8-93D8-BADE099AF2F2}.Debug|Win32.Build.0 = Debug|Win32
		{60B92987-97DA-36D8-93D8-BADE099AF2F2}.Release|Win32.ActiveCfg = Release|Win32
		{60B92987-97DA-36D8-93D8-BADE099AF2F2}.Release|Win32.Build.0 = Release|Win32
		{60B92987-97DA-36D8-93D8-BADE099AF2F2}.MinSizeRel|Win32.ActiveCfg = MinSizeRel|Win32
		{60B92987-97DA-36D8-93D8-BADE099AF2F2}.MinSizeRel|Win32.Build.0 = MinSizeRel|Win32
		{60B92987-97DA-36D8-93D8-BADE099AF2F2}.RelWithDebInfo|Win32.ActiveCfg = RelWithDebInfo|Win32
		{60B92987-97DA-36D8-93D8-BADE099AF2F2}.RelWithDebInfo|Win32.Build.0 = RelWithDebInfo|Win32
		{EAD12BD8-7A6F-343D-8C1C-0318DE6B02F9}.Debug|Win32.ActiveCfg = Debug|Win32
		{EAD12BD8-7A6F-343D-8C1C-0318DE6B02F9}.Debug|Win32.Build.0 = Debug|Win32
		{EAD12BD8-7A6F-343D-8C1C-0318DE6B02F9}.Release|Win32.ActiveCfg = Release|Win32
		{EAD12BD8-7A6F-343D-8C1C-0318DE6B02F9}.Release|Win32.Build.0 = Release|Win32
		{EAD12BD8-7A6F-343D-8C1C-0318DE6B02F9}.MinSizeRel|Win32.ActiveCfg = MinSizeRel|Win32
		{EAD12BD8-7A6F-343D-8C1C-0318DE6B02F9}.MinSizeRel|Win32.Build.0 = MinSizeRel|Win32
		{EAD12BD8-7A6F-343D-8C1C-0318DE6B02F9}.RelWithDebInfo|Win32.ActiveCfg = RelWithDebInfo|Win32
		{EAD12BD8-7A6F-343D-8C1C-0318DE6B02F9}.RelWithDebInfo|Win32.Build.0 = RelWithDebInfo|Win32
		{47AC7538-A569-3F21-BB90-69579C8A9EBD}.Debug|Win32.ActiveCfg = Debug|Win32
		{47AC7538-A569-3F21-BB90-69579C8A9EBD}.Debug|Win32.Build.0 = Debug|Win32
		{47AC7538-A569-3F21-BB90-69579C8A9EBD}.Release|Win32.ActiveCfg = Release|Win32
		{47AC7538-A569-3F21-BB90-69579C8A9EBD}.Release|Win32.Build.0 = Release|Win32
		{47AC7538-A569-3F21-BB90-69579C8A9EBD}.MinSizeRel|Win32.ActiveCfg = MinSizeRel|Win32
		{47AC7538-A569-3F21-BB90-69579C8A9EBD}.MinSizeRel|Win32.Build.0 = MinSizeRel|Win32
		{47AC7538-A569-3F21-BB90-69579C8A9EBD}.RelWithDebInfo|Win32.ActiveCfg = RelWithDebInfo|Win32
		{47AC7538-A569-3F21-BB90-69579C8A9EBD}.RelWithDebInfo|Win32.Build.0 = RelWithDebInfo|Win32
	EndGlobalSection
	GlobalSection(NestedProjects) = preSolution
		{804F7E8A-FDFE-3DBC-9D79-4C799716D10C} = {C2CA012A-C2B4-3500-8BBF-190DDE0A6D7A}
		{6F0AB100-70B6-316A-8276-AB44BA0FA843} = {C2CA012A-C2B4-3500-8BBF-190DDE0A6D7A}
		{FD3C2297-92F7-33C3-B92C-00D8E1ED2BEA} = {A18A741E-593A-33B0-B91C-22F5493A10BB}
		{F4197CE8-D6BF-3C4D-9C23-64F99CA1FFE4} = {A18A741E-593A-33B0-B91C-22F5493A10BB}
		{B87B05EF-2A14-3498-9DD9-A8C8D677E47D} = {A18A741E-593A-33B0-B91C-22F5493A10BB}
		{2DC8FD4F-A9EC-3AD8-B906-8B6E53EEE2C6} = {A18A741E-593A-33B0-B91C-22F5493A10BB}
		{F5B4E506-45E8-3E38-8268-7637E61DFE93} = {A18A741E-593A-33B0-B91C-22F5493A10BB}
		{EED55C56-838D-36D3-9B6A-7FAC13245FC9} = {A18A741E-593A-33B0-B91C-22F5493A10BB}
		{A1529D81-AD0A-3BCD-AED7-4161832D6355} = {A18A741E-593A-33B0-B91C-22F5493A10BB}
		{BE1BC056-7EF5-3A38-BE15-B2F8287FB979} = {A18A741E-593A-33B0-B91C-22F5493A10BB}
		{60B92987-97DA-36D8-93D8-BADE099AF2F2} = {A18A741E-593A-33B0-B91C-22F5493A10BB}
		{EAD12BD8-7A6F-343D-8C1C-0318DE6B02F9} = {A18A741E-593A-33B0-B91C-22F5493A10BB}
		{47AC7538-A569-3F21-BB90-69579C8A9EBD} = {A18A741E-593A-33B0-B91C-22F5493A10BB}
		{B31DE67B-D961-3FF4-8EFA-2E58080C211D} = {4F6B99F1-A65B-3C33-A353-982E3C853DAA}
		{A6054D5B-A2FC-3836-8B45-B43994419DD1} = {23D4EC26-133A-3035-9768-0B6EE54935D4}
	EndGlobalSection
	GlobalSection(ExtensibilityGlobals) = postSolution
		SolutionGuid = {D99C8F05-4D1D-312F-8BBA-403780575B00}
	EndGlobalSection
	GlobalSection(ExtensibilityAddIns) = postSolution
	EndGlobalSection
EndGlobal
